
Microsoft Visual Studio Solution File, Format Version 12.00
Project("{FAE04EC0-301F-11D3-BF4B-00C04F79EFBC}") = "Engine", "Engine\Engine.csproj", "{386A9B3E-4101-4AF2-93F5-B2F1769D7634}"
EndProject
Project("{FAE04EC0-301F-11D3-BF4B-00C04F79EFBC}") = "Game", "Game\Game.csproj", "{6A12DB56-5CB2-4721-92F8-677E3E85B140}"
EndProject
Global
	GlobalSection(SolutionConfigurationPlatforms) = preSolution
		Debug|Any CPU = Debug|Any CPU
		Release|Any CPU = Release|Any CPU
	EndGlobalSection
	GlobalSection(ProjectConfigurationPlatforms) = postSolution
		{386A9B3E-4101-4AF2-93F5-B2F1769D7634}.Release|Any CPU.ActiveCfg = Release|Any CPU
		{386A9B3E-4101-4AF2-93F5-B2F1769D7634}.Release|Any CPU.Build.0 = Release|Any CPU
		{386A9B3E-4101-4AF2-93F5-B2F1769D7634}.Debug|Any CPU.ActiveCfg = DebugPortability|Any CPU
		{386A9B3E-4101-4AF2-93F5-B2F1769D7634}.Debug|Any CPU.Build.0 = DebugPortability|Any CPU
		{6A12DB56-5CB2-4721-92F8-677E3E85B140}.Debug|Any CPU.ActiveCfg = Debug|Any CPU
		{6A12DB56-5CB2-4721-92F8-677E3E85B140}.Debug|Any CPU.Build.0 = Debug|Any CPU
		{6A12DB56-5CB2-4721-92F8-677E3E85B140}.Release|Any CPU.ActiveCfg = Release|Any CPU
		{6A12DB56-5CB2-4721-92F8-677E3E85B140}.Release|Any CPU.Build.0 = Release|Any CPU
	EndGlobalSection
EndGlobal
